
Microsoft Visual Studio Solution File, Format Version 12.00
# Visual Studio 2015
Project("{FAE04EC0-301F-11D3-BF4B-00C04F79EFBC}") = "Practice.CSharp.Plugins", "Practice.CSharp.Plugins.csproj", "{4AB5CAEB-0C82-D2B1-09FD-B8DB47660A68}"
EndProject
Project("{FAE04EC0-301F-11D3-BF4B-00C04F79EFBC}") = "Practice.CSharp", "Practice.CSharp.csproj", "{17FC5693-747A-A689-921A-4F750060C8BB}"
EndProject
Project("{FAE04EC0-301F-11D3-BF4B-00C04F79EFBC}") = "Practice.CSharp.Editor.Plugins", "Practice.CSharp.Editor.Plugins.csproj", "{3543852F-DEBB-EEC6-D8A1-277DAD316558}"
EndProject
Global
	GlobalSection(SolutionConfigurationPlatforms) = preSolution
		Debug|Any CPU = Debug|Any CPU
		Release|Any CPU = Release|Any CPU
	EndGlobalSection
	GlobalSection(ProjectConfigurationPlatforms) = postSolution
		{4AB5CAEB-0C82-D2B1-09FD-B8DB47660A68}.Debug|Any CPU.ActiveCfg = Debug|Any CPU
		{4AB5CAEB-0C82-D2B1-09FD-B8DB47660A68}.Debug|Any CPU.Build.0 = Debug|Any CPU
		{4AB5CAEB-0C82-D2B1-09FD-B8DB47660A68}.Release|Any CPU.ActiveCfg = Release|Any CPU
		{4AB5CAEB-0C82-D2B1-09FD-B8DB47660A68}.Release|Any CPU.Build.0 = Release|Any CPU
		{17FC5693-747A-A689-921A-4F750060C8BB}.Debug|Any CPU.ActiveCfg = Debug|Any CPU
		{17FC5693-747A-A689-921A-4F750060C8BB}.Debug|Any CPU.Build.0 = Debug|Any CPU
		{17FC5693-747A-A689-921A-4F750060C8BB}.Release|Any CPU.ActiveCfg = Release|Any CPU
		{17FC5693-747A-A689-921A-4F750060C8BB}.Release|Any CPU.Build.0 = Release|Any CPU
		{3543852F-DEBB-EEC6-D8A1-277DAD316558}.Debug|Any CPU.ActiveCfg = Debug|Any CPU
		{3543852F-DEBB-EEC6-D8A1-277DAD316558}.Debug|Any CPU.Build.0 = Debug|Any CPU
		{3543852F-DEBB-EEC6-D8A1-277DAD316558}.Release|Any CPU.ActiveCfg = Release|Any CPU
		{3543852F-DEBB-EEC6-D8A1-277DAD316558}.Release|Any CPU.Build.0 = Release|Any CPU
	EndGlobalSection
	GlobalSection(SolutionProperties) = preSolution
		HideSolutionNode = FALSE
	EndGlobalSection
EndGlobal
