
Microsoft Visual Studio Solution File, Format Version 12.00
# Visual Studio 2015
Project("{FAE04EC0-301F-11D3-BF4B-00C04F79EFBC}") = "Test_Purchase_Project.CSharp.Plugins", "Test_Purchase_Project.CSharp.Plugins.csproj", "{F1F5BBCA-B9E8-7764-CE22-2635D2EAFF7C}"
EndProject
Project("{FAE04EC0-301F-11D3-BF4B-00C04F79EFBC}") = "Test_Purchase_Project.CSharp", "Test_Purchase_Project.CSharp.csproj", "{A134D3E1-E2AD-4503-E52E-10ABCB233048}"
EndProject
Global
	GlobalSection(SolutionConfigurationPlatforms) = preSolution
		Debug|Any CPU = Debug|Any CPU
		Release|Any CPU = Release|Any CPU
	EndGlobalSection
	GlobalSection(ProjectConfigurationPlatforms) = postSolution
		{F1F5BBCA-B9E8-7764-CE22-2635D2EAFF7C}.Debug|Any CPU.ActiveCfg = Debug|Any CPU
		{F1F5BBCA-B9E8-7764-CE22-2635D2EAFF7C}.Debug|Any CPU.Build.0 = Debug|Any CPU
		{F1F5BBCA-B9E8-7764-CE22-2635D2EAFF7C}.Release|Any CPU.ActiveCfg = Release|Any CPU
		{F1F5BBCA-B9E8-7764-CE22-2635D2EAFF7C}.Release|Any CPU.Build.0 = Release|Any CPU
		{A134D3E1-E2AD-4503-E52E-10ABCB233048}.Debug|Any CPU.ActiveCfg = Debug|Any CPU
		{A134D3E1-E2AD-4503-E52E-10ABCB233048}.Debug|Any CPU.Build.0 = Debug|Any CPU
		{A134D3E1-E2AD-4503-E52E-10ABCB233048}.Release|Any CPU.ActiveCfg = Release|Any CPU
		{A134D3E1-E2AD-4503-E52E-10ABCB233048}.Release|Any CPU.Build.0 = Release|Any CPU
	EndGlobalSection
	GlobalSection(SolutionProperties) = preSolution
		HideSolutionNode = FALSE
	EndGlobalSection
EndGlobal
